
Microsoft Visual Studio Solution File, Format Version 12.00
# Visual Studio Version 17
VisualStudioVersion = 17.8.34408.163
MinimumVisualStudioVersion = 10.0.40219.1
Project("{9A19103F-16F7-4668-BE54-9A1E7A4F7556}") = "AlgorithmStudy", "AlgorithmStudy\AlgorithmStudy.csproj", "{235CBDD4-08F9-4F47-BC16-49E9C6D9A597}"
EndProject
Project("{9A19103F-16F7-4668-BE54-9A1E7A4F7556}") = "_1_A_minus_B", "A_minus_B\_1_A_minus_B.csproj", "{02C87BBE-89B2-4856-8B68-A10D0E72B7FB}"
EndProject
Project("{9A19103F-16F7-4668-BE54-9A1E7A4F7556}") = "_2_A_mul_B", "A_mul_B\_2_A_mul_B.csproj", "{304ECE63-9E90-4987-95DA-904A0AAEB993}"
EndProject
Project("{9A19103F-16F7-4668-BE54-9A1E7A4F7556}") = "_3_A_quo_B", "A_quo_B\_3_A_quo_B.csproj", "{638F64A7-A6AA-4724-BA5F-B932C7F4D544}"
EndProject
Project("{9A19103F-16F7-4668-BE54-9A1E7A4F7556}") = "_4_Age", "4_Age\_4_Age.csproj", "{AD14E246-FAA5-4709-93E1-F5E135D4376B}"
EndProject
Project("{9A19103F-16F7-4668-BE54-9A1E7A4F7556}") = "_5_CompareTwoNums", "5_CompareTwoNums\_5_CompareTwoNums.csproj", "{812EC00A-4EB1-4A94-B613-3EFA28F90687}"
EndProject
Project("{9A19103F-16F7-4668-BE54-9A1E7A4F7556}") = "_6_A_plus_B", "6_A_plus_B\_6_A_plus_B.csproj", "{FEA5514C-0C04-4F77-A290-FF55FE3D4544}"
EndProject
Project("{9A19103F-16F7-4668-BE54-9A1E7A4F7556}") = "_7_A_div_B", "7_A_div_B\_7_A_div_B.csproj", "{FCA9A6CB-3FC9-49A2-A823-671AC64B5763}"
EndProject
Project("{9A19103F-16F7-4668-BE54-9A1E7A4F7556}") = "_8_Angle", "8_Angle\_8_Angle.csproj", "{4A31EB59-CD7E-4355-BF94-97A3382A9EBB}"
EndProject
Project("{9A19103F-16F7-4668-BE54-9A1E7A4F7556}") = "_9_EvenPlusSeq", "9_EvenPlusSeq\_9_EvenPlusSeq.csproj", "{318BF5A0-C615-4E54-96C8-CD1E2DCE5B25}"
EndProject
Project("{9A19103F-16F7-4668-BE54-9A1E7A4F7556}") = "10_ArrayMean", "91_ArrayMean\10_ArrayMean.csproj", "{F11631AC-CD6B-4CC6-831F-B38E87519266}"
EndProject
Project("{9A19103F-16F7-4668-BE54-9A1E7A4F7556}") = "11_EvenAndOdd", "92_EvenAndOdd\11_EvenAndOdd.csproj", "{F359CA06-2EE7-49BA-9C05-5F18A53AC452}"
EndProject
Project("{9A19103F-16F7-4668-BE54-9A1E7A4F7556}") = "12_Mean", "93_Mean\12_Mean.csproj", "{D1B24333-7E88-43A2-8155-EFC80B12A58B}"
EndProject
Project("{9A19103F-16F7-4668-BE54-9A1E7A4F7556}") = "13_AddDigits", "94_AddDigits\13_AddDigits.csproj", "{5432961E-74DE-424F-A9E5-4805EF7EF634}"
EndProject
Project("{9A19103F-16F7-4668-BE54-9A1E7A4F7556}") = "14_AddAliquots", "95_AddAliquots\14_AddAliquots.csproj", "{1C9F8BD3-264E-4088-9975-519E1B478BC8}"
EndProject
Project("{9A19103F-16F7-4668-BE54-9A1E7A4F7556}") = "15_FindRemainder1", "15_FindRemainder1\15_FindRemainder1.csproj", "{00A4CD9C-D499-4B57-9708-A43ACFE220DA}"
EndProject
Project("{9A19103F-16F7-4668-BE54-9A1E7A4F7556}") = "16_ListReturn", "16_ListReturn\16_ListReturn.csproj", "{CD2CD430-1BC6-460D-9706-A821E547BDD4}"
EndProject
Project("{9A19103F-16F7-4668-BE54-9A1E7A4F7556}") = "17_ReversedArray", "17_ReversedArray\17_ReversedArray.csproj", "{2AA71BDA-0BB6-4C4C-8F75-5B7070520D7B}"
EndProject
Project("{9A19103F-16F7-4668-BE54-9A1E7A4F7556}") = "18_StringToInt", "18_StringToInt\18_StringToInt.csproj", "{6F093F2C-5D5B-4628-8401-23E04F78CAED}"
EndProject
Project("{9A19103F-16F7-4668-BE54-9A1E7A4F7556}") = "19_JudgeIntPower", "19_JudgeIntPower\19_JudgeIntPower.csproj", "{D3F0BAD9-AE7C-4A28-98CE-CD6594FFCC2A}"
EndProject
Project("{9A19103F-16F7-4668-BE54-9A1E7A4F7556}") = "20_IntDescending", "20_IntDescending\20_IntDescending.csproj", "{063230F5-7D56-4DA6-BA24-3F8FA2E5BEFC}"
EndProject
Project("{9A19103F-16F7-4668-BE54-9A1E7A4F7556}") = "21_HarshardNumber", "21_HarshardNumber\21_HarshardNumber.csproj", "{96698A53-A809-4543-AA66-DE1A47946A07}"
EndProject
Project("{9A19103F-16F7-4668-BE54-9A1E7A4F7556}") = "22_SumTwoInts", "22_SumTwoInts\22_SumTwoInts.csproj", "{553814F2-D527-45AD-89D0-4A5522621D73}"
EndProject
Project("{9A19103F-16F7-4668-BE54-9A1E7A4F7556}") = "23_Collatz", "23_Collatz\23_Collatz.csproj", "{FD27AE14-4061-4EE5-AF7F-6BCC3D5A6B06}"
EndProject
Project("{9A19103F-16F7-4668-BE54-9A1E7A4F7556}") = "24_FindKiminSeoul", "24_FindKiminSeoul\24_FindKiminSeoul.csproj", "{2EFA765B-D872-4360-A52C-A949BCF71EB1}"
EndProject
Project("{9A19103F-16F7-4668-BE54-9A1E7A4F7556}") = "25_AliquotAscendingArray", "25_AliquotAscendingArray\25_AliquotAscendingArray.csproj", "{7F75F034-F903-44DF-AF44-1AA4B75DF063}"
EndProject
Project("{9A19103F-16F7-4668-BE54-9A1E7A4F7556}") = "26_YinandYang", "26_YinandYang\26_YinandYang.csproj", "{B0270581-72EB-4EED-AF7B-0A4143E50667}"
EndProject
Project("{9A19103F-16F7-4668-BE54-9A1E7A4F7556}") = "27_PhoneNumber", "27_PhoneNumber\27_PhoneNumber.csproj", "{B5440FE3-C5C9-4C57-8C2B-728ECC89E1D0}"
EndProject
Project("{9A19103F-16F7-4668-BE54-9A1E7A4F7556}") = "28_SumAbsenceNums", "28_SumAbsenceNums\28_SumAbsenceNums.csproj", "{F1AC37E6-5AA3-45B8-A1DD-024EE370AC7B}"
EndProject
Project("{FAE04EC0-301F-11D3-BF4B-00C04F79EFBC}") = "29_DeleteMin", "29_DeleteMin\29_DeleteMin.csproj", "{7F3F5D57-C3A3-4D8C-8605-E77AAB3EA27B}"
EndProject
Global
	GlobalSection(SolutionConfigurationPlatforms) = preSolution
		Debug|Any CPU = Debug|Any CPU
		Release|Any CPU = Release|Any CPU
	EndGlobalSection
	GlobalSection(ProjectConfigurationPlatforms) = postSolution
		{235CBDD4-08F9-4F47-BC16-49E9C6D9A597}.Debug|Any CPU.ActiveCfg = Debug|Any CPU
		{235CBDD4-08F9-4F47-BC16-49E9C6D9A597}.Debug|Any CPU.Build.0 = Debug|Any CPU
		{235CBDD4-08F9-4F47-BC16-49E9C6D9A597}.Release|Any CPU.ActiveCfg = Release|Any CPU
		{235CBDD4-08F9-4F47-BC16-49E9C6D9A597}.Release|Any CPU.Build.0 = Release|Any CPU
		{02C87BBE-89B2-4856-8B68-A10D0E72B7FB}.Debug|Any CPU.ActiveCfg = Debug|Any CPU
		{02C87BBE-89B2-4856-8B68-A10D0E72B7FB}.Debug|Any CPU.Build.0 = Debug|Any CPU
		{02C87BBE-89B2-4856-8B68-A10D0E72B7FB}.Release|Any CPU.ActiveCfg = Release|Any CPU
		{02C87BBE-89B2-4856-8B68-A10D0E72B7FB}.Release|Any CPU.Build.0 = Release|Any CPU
		{304ECE63-9E90-4987-95DA-904A0AAEB993}.Debug|Any CPU.ActiveCfg = Debug|Any CPU
		{304ECE63-9E90-4987-95DA-904A0AAEB993}.Debug|Any CPU.Build.0 = Debug|Any CPU
		{304ECE63-9E90-4987-95DA-904A0AAEB993}.Release|Any CPU.ActiveCfg = Release|Any CPU
		{304ECE63-9E90-4987-95DA-904A0AAEB993}.Release|Any CPU.Build.0 = Release|Any CPU
		{638F64A7-A6AA-4724-BA5F-B932C7F4D544}.Debug|Any CPU.ActiveCfg = Debug|Any CPU
		{638F64A7-A6AA-4724-BA5F-B932C7F4D544}.Debug|Any CPU.Build.0 = Debug|Any CPU
		{638F64A7-A6AA-4724-BA5F-B932C7F4D544}.Release|Any CPU.ActiveCfg = Release|Any CPU
		{638F64A7-A6AA-4724-BA5F-B932C7F4D544}.Release|Any CPU.Build.0 = Release|Any CPU
		{AD14E246-FAA5-4709-93E1-F5E135D4376B}.Debug|Any CPU.ActiveCfg = Debug|Any CPU
		{AD14E246-FAA5-4709-93E1-F5E135D4376B}.Debug|Any CPU.Build.0 = Debug|Any CPU
		{AD14E246-FAA5-4709-93E1-F5E135D4376B}.Release|Any CPU.ActiveCfg = Release|Any CPU
		{AD14E246-FAA5-4709-93E1-F5E135D4376B}.Release|Any CPU.Build.0 = Release|Any CPU
		{812EC00A-4EB1-4A94-B613-3EFA28F90687}.Debug|Any CPU.ActiveCfg = Debug|Any CPU
		{812EC00A-4EB1-4A94-B613-3EFA28F90687}.Debug|Any CPU.Build.0 = Debug|Any CPU
		{812EC00A-4EB1-4A94-B613-3EFA28F90687}.Release|Any CPU.ActiveCfg = Release|Any CPU
		{812EC00A-4EB1-4A94-B613-3EFA28F90687}.Release|Any CPU.Build.0 = Release|Any CPU
		{FEA5514C-0C04-4F77-A290-FF55FE3D4544}.Debug|Any CPU.ActiveCfg = Debug|Any CPU
		{FEA5514C-0C04-4F77-A290-FF55FE3D4544}.Debug|Any CPU.Build.0 = Debug|Any CPU
		{FEA5514C-0C04-4F77-A290-FF55FE3D4544}.Release|Any CPU.ActiveCfg = Release|Any CPU
		{FEA5514C-0C04-4F77-A290-FF55FE3D4544}.Release|Any CPU.Build.0 = Release|Any CPU
		{FCA9A6CB-3FC9-49A2-A823-671AC64B5763}.Debug|Any CPU.ActiveCfg = Debug|Any CPU
		{FCA9A6CB-3FC9-49A2-A823-671AC64B5763}.Debug|Any CPU.Build.0 = Debug|Any CPU
		{FCA9A6CB-3FC9-49A2-A823-671AC64B5763}.Release|Any CPU.ActiveCfg = Release|Any CPU
		{FCA9A6CB-3FC9-49A2-A823-671AC64B5763}.Release|Any CPU.Build.0 = Release|Any CPU
		{4A31EB59-CD7E-4355-BF94-97A3382A9EBB}.Debug|Any CPU.ActiveCfg = Debug|Any CPU
		{4A31EB59-CD7E-4355-BF94-97A3382A9EBB}.Debug|Any CPU.Build.0 = Debug|Any CPU
		{4A31EB59-CD7E-4355-BF94-97A3382A9EBB}.Release|Any CPU.ActiveCfg = Release|Any CPU
		{4A31EB59-CD7E-4355-BF94-97A3382A9EBB}.Release|Any CPU.Build.0 = Release|Any CPU
		{318BF5A0-C615-4E54-96C8-CD1E2DCE5B25}.Debug|Any CPU.ActiveCfg = Debug|Any CPU
		{318BF5A0-C615-4E54-96C8-CD1E2DCE5B25}.Debug|Any CPU.Build.0 = Debug|Any CPU
		{318BF5A0-C615-4E54-96C8-CD1E2DCE5B25}.Release|Any CPU.ActiveCfg = Release|Any CPU
		{318BF5A0-C615-4E54-96C8-CD1E2DCE5B25}.Release|Any CPU.Build.0 = Release|Any CPU
		{F11631AC-CD6B-4CC6-831F-B38E87519266}.Debug|Any CPU.ActiveCfg = Debug|Any CPU
		{F11631AC-CD6B-4CC6-831F-B38E87519266}.Debug|Any CPU.Build.0 = Debug|Any CPU
		{F11631AC-CD6B-4CC6-831F-B38E87519266}.Release|Any CPU.ActiveCfg = Release|Any CPU
		{F11631AC-CD6B-4CC6-831F-B38E87519266}.Release|Any CPU.Build.0 = Release|Any CPU
		{F359CA06-2EE7-49BA-9C05-5F18A53AC452}.Debug|Any CPU.ActiveCfg = Debug|Any CPU
		{F359CA06-2EE7-49BA-9C05-5F18A53AC452}.Debug|Any CPU.Build.0 = Debug|Any CPU
		{F359CA06-2EE7-49BA-9C05-5F18A53AC452}.Release|Any CPU.ActiveCfg = Release|Any CPU
		{F359CA06-2EE7-49BA-9C05-5F18A53AC452}.Release|Any CPU.Build.0 = Release|Any CPU
		{D1B24333-7E88-43A2-8155-EFC80B12A58B}.Debug|Any CPU.ActiveCfg = Debug|Any CPU
		{D1B24333-7E88-43A2-8155-EFC80B12A58B}.Debug|Any CPU.Build.0 = Debug|Any CPU
		{D1B24333-7E88-43A2-8155-EFC80B12A58B}.Release|Any CPU.ActiveCfg = Release|Any CPU
		{D1B24333-7E88-43A2-8155-EFC80B12A58B}.Release|Any CPU.Build.0 = Release|Any CPU
		{5432961E-74DE-424F-A9E5-4805EF7EF634}.Debug|Any CPU.ActiveCfg = Debug|Any CPU
		{5432961E-74DE-424F-A9E5-4805EF7EF634}.Debug|Any CPU.Build.0 = Debug|Any CPU
		{5432961E-74DE-424F-A9E5-4805EF7EF634}.Release|Any CPU.ActiveCfg = Release|Any CPU
		{5432961E-74DE-424F-A9E5-4805EF7EF634}.Release|Any CPU.Build.0 = Release|Any CPU
		{1C9F8BD3-264E-4088-9975-519E1B478BC8}.Debug|Any CPU.ActiveCfg = Debug|Any CPU
		{1C9F8BD3-264E-4088-9975-519E1B478BC8}.Debug|Any CPU.Build.0 = Debug|Any CPU
		{1C9F8BD3-264E-4088-9975-519E1B478BC8}.Release|Any CPU.ActiveCfg = Release|Any CPU
		{1C9F8BD3-264E-4088-9975-519E1B478BC8}.Release|Any CPU.Build.0 = Release|Any CPU
		{00A4CD9C-D499-4B57-9708-A43ACFE220DA}.Debug|Any CPU.ActiveCfg = Debug|Any CPU
		{00A4CD9C-D499-4B57-9708-A43ACFE220DA}.Debug|Any CPU.Build.0 = Debug|Any CPU
		{00A4CD9C-D499-4B57-9708-A43ACFE220DA}.Release|Any CPU.ActiveCfg = Release|Any CPU
		{00A4CD9C-D499-4B57-9708-A43ACFE220DA}.Release|Any CPU.Build.0 = Release|Any CPU
		{CD2CD430-1BC6-460D-9706-A821E547BDD4}.Debug|Any CPU.ActiveCfg = Debug|Any CPU
		{CD2CD430-1BC6-460D-9706-A821E547BDD4}.Debug|Any CPU.Build.0 = Debug|Any CPU
		{CD2CD430-1BC6-460D-9706-A821E547BDD4}.Release|Any CPU.ActiveCfg = Release|Any CPU
		{CD2CD430-1BC6-460D-9706-A821E547BDD4}.Release|Any CPU.Build.0 = Release|Any CPU
		{2AA71BDA-0BB6-4C4C-8F75-5B7070520D7B}.Debug|Any CPU.ActiveCfg = Debug|Any CPU
		{2AA71BDA-0BB6-4C4C-8F75-5B7070520D7B}.Debug|Any CPU.Build.0 = Debug|Any CPU
		{2AA71BDA-0BB6-4C4C-8F75-5B7070520D7B}.Release|Any CPU.ActiveCfg = Release|Any CPU
		{2AA71BDA-0BB6-4C4C-8F75-5B7070520D7B}.Release|Any CPU.Build.0 = Release|Any CPU
		{6F093F2C-5D5B-4628-8401-23E04F78CAED}.Debug|Any CPU.ActiveCfg = Debug|Any CPU
		{6F093F2C-5D5B-4628-8401-23E04F78CAED}.Debug|Any CPU.Build.0 = Debug|Any CPU
		{6F093F2C-5D5B-4628-8401-23E04F78CAED}.Release|Any CPU.ActiveCfg = Release|Any CPU
		{6F093F2C-5D5B-4628-8401-23E04F78CAED}.Release|Any CPU.Build.0 = Release|Any CPU
		{D3F0BAD9-AE7C-4A28-98CE-CD6594FFCC2A}.Debug|Any CPU.ActiveCfg = Debug|Any CPU
		{D3F0BAD9-AE7C-4A28-98CE-CD6594FFCC2A}.Debug|Any CPU.Build.0 = Debug|Any CPU
		{D3F0BAD9-AE7C-4A28-98CE-CD6594FFCC2A}.Release|Any CPU.ActiveCfg = Release|Any CPU
		{D3F0BAD9-AE7C-4A28-98CE-CD6594FFCC2A}.Release|Any CPU.Build.0 = Release|Any CPU
		{063230F5-7D56-4DA6-BA24-3F8FA2E5BEFC}.Debug|Any CPU.ActiveCfg = Debug|Any CPU
		{063230F5-7D56-4DA6-BA24-3F8FA2E5BEFC}.Debug|Any CPU.Build.0 = Debug|Any CPU
		{063230F5-7D56-4DA6-BA24-3F8FA2E5BEFC}.Release|Any CPU.ActiveCfg = Release|Any CPU
		{063230F5-7D56-4DA6-BA24-3F8FA2E5BEFC}.Release|Any CPU.Build.0 = Release|Any CPU
		{96698A53-A809-4543-AA66-DE1A47946A07}.Debug|Any CPU.ActiveCfg = Debug|Any CPU
		{96698A53-A809-4543-AA66-DE1A47946A07}.Debug|Any CPU.Build.0 = Debug|Any CPU
		{96698A53-A809-4543-AA66-DE1A47946A07}.Release|Any CPU.ActiveCfg = Release|Any CPU
		{96698A53-A809-4543-AA66-DE1A47946A07}.Release|Any CPU.Build.0 = Release|Any CPU
		{553814F2-D527-45AD-89D0-4A5522621D73}.Debug|Any CPU.ActiveCfg = Debug|Any CPU
		{553814F2-D527-45AD-89D0-4A5522621D73}.Debug|Any CPU.Build.0 = Debug|Any CPU
		{553814F2-D527-45AD-89D0-4A5522621D73}.Release|Any CPU.ActiveCfg = Release|Any CPU
		{553814F2-D527-45AD-89D0-4A5522621D73}.Release|Any CPU.Build.0 = Release|Any CPU
		{FD27AE14-4061-4EE5-AF7F-6BCC3D5A6B06}.Debug|Any CPU.ActiveCfg = Debug|Any CPU
		{FD27AE14-4061-4EE5-AF7F-6BCC3D5A6B06}.Debug|Any CPU.Build.0 = Debug|Any CPU
		{FD27AE14-4061-4EE5-AF7F-6BCC3D5A6B06}.Release|Any CPU.ActiveCfg = Release|Any CPU
		{FD27AE14-4061-4EE5-AF7F-6BCC3D5A6B06}.Release|Any CPU.Build.0 = Release|Any CPU
		{2EFA765B-D872-4360-A52C-A949BCF71EB1}.Debug|Any CPU.ActiveCfg = Debug|Any CPU
		{2EFA765B-D872-4360-A52C-A949BCF71EB1}.Debug|Any CPU.Build.0 = Debug|Any CPU
		{2EFA765B-D872-4360-A52C-A949BCF71EB1}.Release|Any CPU.ActiveCfg = Release|Any CPU
		{2EFA765B-D872-4360-A52C-A949BCF71EB1}.Release|Any CPU.Build.0 = Release|Any CPU
		{7F75F034-F903-44DF-AF44-1AA4B75DF063}.Debug|Any CPU.ActiveCfg = Debug|Any CPU
		{7F75F034-F903-44DF-AF44-1AA4B75DF063}.Debug|Any CPU.Build.0 = Debug|Any CPU
		{7F75F034-F903-44DF-AF44-1AA4B75DF063}.Release|Any CPU.ActiveCfg = Release|Any CPU
		{7F75F034-F903-44DF-AF44-1AA4B75DF063}.Release|Any CPU.Build.0 = Release|Any CPU
		{B0270581-72EB-4EED-AF7B-0A4143E50667}.Debug|Any CPU.ActiveCfg = Debug|Any CPU
		{B0270581-72EB-4EED-AF7B-0A4143E50667}.Debug|Any CPU.Build.0 = Debug|Any CPU
		{B0270581-72EB-4EED-AF7B-0A4143E50667}.Release|Any CPU.ActiveCfg = Release|Any CPU
		{B0270581-72EB-4EED-AF7B-0A4143E50667}.Release|Any CPU.Build.0 = Release|Any CPU
		{B5440FE3-C5C9-4C57-8C2B-728ECC89E1D0}.Debug|Any CPU.ActiveCfg = Debug|Any CPU
		{B5440FE3-C5C9-4C57-8C2B-728ECC89E1D0}.Debug|Any CPU.Build.0 = Debug|Any CPU
		{B5440FE3-C5C9-4C57-8C2B-728ECC89E1D0}.Release|Any CPU.ActiveCfg = Release|Any CPU
		{B5440FE3-C5C9-4C57-8C2B-728ECC89E1D0}.Release|Any CPU.Build.0 = Release|Any CPU
		{F1AC37E6-5AA3-45B8-A1DD-024EE370AC7B}.Debug|Any CPU.ActiveCfg = Debug|Any CPU
		{F1AC37E6-5AA3-45B8-A1DD-024EE370AC7B}.Debug|Any CPU.Build.0 = Debug|Any CPU
		{F1AC37E6-5AA3-45B8-A1DD-024EE370AC7B}.Release|Any CPU.ActiveCfg = Release|Any CPU
		{F1AC37E6-5AA3-45B8-A1DD-024EE370AC7B}.Release|Any CPU.Build.0 = Release|Any CPU
		{7F3F5D57-C3A3-4D8C-8605-E77AAB3EA27B}.Debug|Any CPU.ActiveCfg = Debug|Any CPU
		{7F3F5D57-C3A3-4D8C-8605-E77AAB3EA27B}.Debug|Any CPU.Build.0 = Debug|Any CPU
		{7F3F5D57-C3A3-4D8C-8605-E77AAB3EA27B}.Release|Any CPU.ActiveCfg = Release|Any CPU
		{7F3F5D57-C3A3-4D8C-8605-E77AAB3EA27B}.Release|Any CPU.Build.0 = Release|Any CPU
	EndGlobalSection
	GlobalSection(SolutionProperties) = preSolution
		HideSolutionNode = FALSE
	EndGlobalSection
	GlobalSection(ExtensibilityGlobals) = postSolution
		SolutionGuid = {F42A9918-6D13-4A03-9DCA-F47379665C37}
	EndGlobalSection
EndGlobal
