
Microsoft Visual Studio Solution File, Format Version 12.00
# Visual Studio Version 17
VisualStudioVersion = 17.8.34408.163
MinimumVisualStudioVersion = 10.0.40219.1
Project("{9A19103F-16F7-4668-BE54-9A1E7A4F7556}") = "AlgorithmStudy", "AlgorithmStudy\AlgorithmStudy.csproj", "{235CBDD4-08F9-4F47-BC16-49E9C6D9A597}"
EndProject
Project("{9A19103F-16F7-4668-BE54-9A1E7A4F7556}") = "1_A_minus_B", "A_minus_B\1_A_minus_B.csproj", "{02C87BBE-89B2-4856-8B68-A10D0E72B7FB}"
EndProject
Project("{9A19103F-16F7-4668-BE54-9A1E7A4F7556}") = "2_A_mul_B", "A_mul_B\2_A_mul_B.csproj", "{304ECE63-9E90-4987-95DA-904A0AAEB993}"
EndProject
Project("{9A19103F-16F7-4668-BE54-9A1E7A4F7556}") = "3_A_quo_B", "A_quo_B\3_A_quo_B.csproj", "{638F64A7-A6AA-4724-BA5F-B932C7F4D544}"
EndProject
Project("{9A19103F-16F7-4668-BE54-9A1E7A4F7556}") = "4_Age", "4_Age\4_Age.csproj", "{AD14E246-FAA5-4709-93E1-F5E135D4376B}"
EndProject
Project("{9A19103F-16F7-4668-BE54-9A1E7A4F7556}") = "5_CompareTwoNums", "5_CompareTwoNums\5_CompareTwoNums.csproj", "{812EC00A-4EB1-4A94-B613-3EFA28F90687}"
EndProject
Project("{9A19103F-16F7-4668-BE54-9A1E7A4F7556}") = "6_A_plus_B", "6_A_plus_B\6_A_plus_B.csproj", "{FEA5514C-0C04-4F77-A290-FF55FE3D4544}"
EndProject
Project("{9A19103F-16F7-4668-BE54-9A1E7A4F7556}") = "7_A_div_B", "7_A_div_B\7_A_div_B.csproj", "{FCA9A6CB-3FC9-49A2-A823-671AC64B5763}"
EndProject
Project("{9A19103F-16F7-4668-BE54-9A1E7A4F7556}") = "8_Angle", "8_Angle\8_Angle.csproj", "{4A31EB59-CD7E-4355-BF94-97A3382A9EBB}"
EndProject
Project("{9A19103F-16F7-4668-BE54-9A1E7A4F7556}") = "9_EvenPlusSeq", "9_EvenPlusSeq\9_EvenPlusSeq.csproj", "{318BF5A0-C615-4E54-96C8-CD1E2DCE5B25}"
EndProject
Project("{9A19103F-16F7-4668-BE54-9A1E7A4F7556}") = "91_ArrayMean", "91_ArrayMean\91_ArrayMean.csproj", "{F11631AC-CD6B-4CC6-831F-B38E87519266}"
EndProject
Project("{FAE04EC0-301F-11D3-BF4B-00C04F79EFBC}") = "92_EvenAndOdd", "92_EvenAndOdd\92_EvenAndOdd.csproj", "{F359CA06-2EE7-49BA-9C05-5F18A53AC452}"
EndProject
Project("{FAE04EC0-301F-11D3-BF4B-00C04F79EFBC}") = "93_Mean", "93_Mean\93_Mean.csproj", "{D1B24333-7E88-43A2-8155-EFC80B12A58B}"
EndProject
Project("{FAE04EC0-301F-11D3-BF4B-00C04F79EFBC}") = "94_AddDigits", "94_AddDigits\94_AddDigits.csproj", "{5432961E-74DE-424F-A9E5-4805EF7EF634}"
EndProject
Project("{FAE04EC0-301F-11D3-BF4B-00C04F79EFBC}") = "95_AddAliquots", "95_AddAliquots\95_AddAliquots.csproj", "{1C9F8BD3-264E-4088-9975-519E1B478BC8}"
EndProject
Global
	GlobalSection(SolutionConfigurationPlatforms) = preSolution
		Debug|Any CPU = Debug|Any CPU
		Release|Any CPU = Release|Any CPU
	EndGlobalSection
	GlobalSection(ProjectConfigurationPlatforms) = postSolution
		{235CBDD4-08F9-4F47-BC16-49E9C6D9A597}.Debug|Any CPU.ActiveCfg = Debug|Any CPU
		{235CBDD4-08F9-4F47-BC16-49E9C6D9A597}.Debug|Any CPU.Build.0 = Debug|Any CPU
		{235CBDD4-08F9-4F47-BC16-49E9C6D9A597}.Release|Any CPU.ActiveCfg = Release|Any CPU
		{235CBDD4-08F9-4F47-BC16-49E9C6D9A597}.Release|Any CPU.Build.0 = Release|Any CPU
		{02C87BBE-89B2-4856-8B68-A10D0E72B7FB}.Debug|Any CPU.ActiveCfg = Debug|Any CPU
		{02C87BBE-89B2-4856-8B68-A10D0E72B7FB}.Debug|Any CPU.Build.0 = Debug|Any CPU
		{02C87BBE-89B2-4856-8B68-A10D0E72B7FB}.Release|Any CPU.ActiveCfg = Release|Any CPU
		{02C87BBE-89B2-4856-8B68-A10D0E72B7FB}.Release|Any CPU.Build.0 = Release|Any CPU
		{304ECE63-9E90-4987-95DA-904A0AAEB993}.Debug|Any CPU.ActiveCfg = Debug|Any CPU
		{304ECE63-9E90-4987-95DA-904A0AAEB993}.Debug|Any CPU.Build.0 = Debug|Any CPU
		{304ECE63-9E90-4987-95DA-904A0AAEB993}.Release|Any CPU.ActiveCfg = Release|Any CPU
		{304ECE63-9E90-4987-95DA-904A0AAEB993}.Release|Any CPU.Build.0 = Release|Any CPU
		{638F64A7-A6AA-4724-BA5F-B932C7F4D544}.Debug|Any CPU.ActiveCfg = Debug|Any CPU
		{638F64A7-A6AA-4724-BA5F-B932C7F4D544}.Debug|Any CPU.Build.0 = Debug|Any CPU
		{638F64A7-A6AA-4724-BA5F-B932C7F4D544}.Release|Any CPU.ActiveCfg = Release|Any CPU
		{638F64A7-A6AA-4724-BA5F-B932C7F4D544}.Release|Any CPU.Build.0 = Release|Any CPU
		{AD14E246-FAA5-4709-93E1-F5E135D4376B}.Debug|Any CPU.ActiveCfg = Debug|Any CPU
		{AD14E246-FAA5-4709-93E1-F5E135D4376B}.Debug|Any CPU.Build.0 = Debug|Any CPU
		{AD14E246-FAA5-4709-93E1-F5E135D4376B}.Release|Any CPU.ActiveCfg = Release|Any CPU
		{AD14E246-FAA5-4709-93E1-F5E135D4376B}.Release|Any CPU.Build.0 = Release|Any CPU
		{812EC00A-4EB1-4A94-B613-3EFA28F90687}.Debug|Any CPU.ActiveCfg = Debug|Any CPU
		{812EC00A-4EB1-4A94-B613-3EFA28F90687}.Debug|Any CPU.Build.0 = Debug|Any CPU
		{812EC00A-4EB1-4A94-B613-3EFA28F90687}.Release|Any CPU.ActiveCfg = Release|Any CPU
		{812EC00A-4EB1-4A94-B613-3EFA28F90687}.Release|Any CPU.Build.0 = Release|Any CPU
		{FEA5514C-0C04-4F77-A290-FF55FE3D4544}.Debug|Any CPU.ActiveCfg = Debug|Any CPU
		{FEA5514C-0C04-4F77-A290-FF55FE3D4544}.Debug|Any CPU.Build.0 = Debug|Any CPU
		{FEA5514C-0C04-4F77-A290-FF55FE3D4544}.Release|Any CPU.ActiveCfg = Release|Any CPU
		{FEA5514C-0C04-4F77-A290-FF55FE3D4544}.Release|Any CPU.Build.0 = Release|Any CPU
		{FCA9A6CB-3FC9-49A2-A823-671AC64B5763}.Debug|Any CPU.ActiveCfg = Debug|Any CPU
		{FCA9A6CB-3FC9-49A2-A823-671AC64B5763}.Debug|Any CPU.Build.0 = Debug|Any CPU
		{FCA9A6CB-3FC9-49A2-A823-671AC64B5763}.Release|Any CPU.ActiveCfg = Release|Any CPU
		{FCA9A6CB-3FC9-49A2-A823-671AC64B5763}.Release|Any CPU.Build.0 = Release|Any CPU
		{4A31EB59-CD7E-4355-BF94-97A3382A9EBB}.Debug|Any CPU.ActiveCfg = Debug|Any CPU
		{4A31EB59-CD7E-4355-BF94-97A3382A9EBB}.Debug|Any CPU.Build.0 = Debug|Any CPU
		{4A31EB59-CD7E-4355-BF94-97A3382A9EBB}.Release|Any CPU.ActiveCfg = Release|Any CPU
		{4A31EB59-CD7E-4355-BF94-97A3382A9EBB}.Release|Any CPU.Build.0 = Release|Any CPU
		{318BF5A0-C615-4E54-96C8-CD1E2DCE5B25}.Debug|Any CPU.ActiveCfg = Debug|Any CPU
		{318BF5A0-C615-4E54-96C8-CD1E2DCE5B25}.Debug|Any CPU.Build.0 = Debug|Any CPU
		{318BF5A0-C615-4E54-96C8-CD1E2DCE5B25}.Release|Any CPU.ActiveCfg = Release|Any CPU
		{318BF5A0-C615-4E54-96C8-CD1E2DCE5B25}.Release|Any CPU.Build.0 = Release|Any CPU
		{F11631AC-CD6B-4CC6-831F-B38E87519266}.Debug|Any CPU.ActiveCfg = Debug|Any CPU
		{F11631AC-CD6B-4CC6-831F-B38E87519266}.Debug|Any CPU.Build.0 = Debug|Any CPU
		{F11631AC-CD6B-4CC6-831F-B38E87519266}.Release|Any CPU.ActiveCfg = Release|Any CPU
		{F11631AC-CD6B-4CC6-831F-B38E87519266}.Release|Any CPU.Build.0 = Release|Any CPU
		{F359CA06-2EE7-49BA-9C05-5F18A53AC452}.Debug|Any CPU.ActiveCfg = Debug|Any CPU
		{F359CA06-2EE7-49BA-9C05-5F18A53AC452}.Debug|Any CPU.Build.0 = Debug|Any CPU
		{F359CA06-2EE7-49BA-9C05-5F18A53AC452}.Release|Any CPU.ActiveCfg = Release|Any CPU
		{F359CA06-2EE7-49BA-9C05-5F18A53AC452}.Release|Any CPU.Build.0 = Release|Any CPU
		{D1B24333-7E88-43A2-8155-EFC80B12A58B}.Debug|Any CPU.ActiveCfg = Debug|Any CPU
		{D1B24333-7E88-43A2-8155-EFC80B12A58B}.Debug|Any CPU.Build.0 = Debug|Any CPU
		{D1B24333-7E88-43A2-8155-EFC80B12A58B}.Release|Any CPU.ActiveCfg = Release|Any CPU
		{D1B24333-7E88-43A2-8155-EFC80B12A58B}.Release|Any CPU.Build.0 = Release|Any CPU
		{5432961E-74DE-424F-A9E5-4805EF7EF634}.Debug|Any CPU.ActiveCfg = Debug|Any CPU
		{5432961E-74DE-424F-A9E5-4805EF7EF634}.Debug|Any CPU.Build.0 = Debug|Any CPU
		{5432961E-74DE-424F-A9E5-4805EF7EF634}.Release|Any CPU.ActiveCfg = Release|Any CPU
		{5432961E-74DE-424F-A9E5-4805EF7EF634}.Release|Any CPU.Build.0 = Release|Any CPU
		{1C9F8BD3-264E-4088-9975-519E1B478BC8}.Debug|Any CPU.ActiveCfg = Debug|Any CPU
		{1C9F8BD3-264E-4088-9975-519E1B478BC8}.Debug|Any CPU.Build.0 = Debug|Any CPU
		{1C9F8BD3-264E-4088-9975-519E1B478BC8}.Release|Any CPU.ActiveCfg = Release|Any CPU
		{1C9F8BD3-264E-4088-9975-519E1B478BC8}.Release|Any CPU.Build.0 = Release|Any CPU
	EndGlobalSection
	GlobalSection(SolutionProperties) = preSolution
		HideSolutionNode = FALSE
	EndGlobalSection
	GlobalSection(ExtensibilityGlobals) = postSolution
		SolutionGuid = {F42A9918-6D13-4A03-9DCA-F47379665C37}
	EndGlobalSection
EndGlobal
